
Microsoft Visual Studio Solution File, Format Version 12.00
# Visual Studio Version 18
VisualStudioVersion = 18.5.11723.231
MinimumVisualStudioVersion = 10.0.40219.1
Project("{2150E333-8FDC-42A3-9474-1A3956D46DE8}") = "src", "src", "{AA8F32EA-A399-4D87-A2FB-C41A43199F27}"
EndProject
Project("{FAE04EC0-301F-11D3-BF4B-00C04F79EFBC}") = "CopilotScope.Collector", "src\CopilotScope.Collector\CopilotScope.Collector.csproj", "{A04A8B3E-4310-44C0-A459-2B50B95E90BE}"
EndProject
Project("{FAE04EC0-301F-11D3-BF4B-00C04F79EFBC}") = "CopilotScope.AgentForge", "src\CopilotScope.AgentForge\CopilotScope.AgentForge.csproj", "{70253526-B47B-4E9E-BFC0-0A673AD22C9F}"
EndProject
Project("{FAE04EC0-301F-11D3-BF4B-00C04F79EFBC}") = "CopilotScope.JudgeAgent", "src\CopilotScope.JudgeAgent\CopilotScope.JudgeAgent.csproj", "{E4BE06B6-D7D2-43A9-AD0F-E8E0F8D662BE}"
EndProject
Project("{2150E333-8FDC-42A3-9474-1A3956D46DE8}") = "tools", "tools", "{891CA426-11F7-4B59-BECF-4383907BEADA}"
EndProject
Project("{FAE04EC0-301F-11D3-BF4B-00C04F79EFBC}") = "CopilotScope.TelemetryGen", "tools\CopilotScope.TelemetryGen\CopilotScope.TelemetryGen.csproj", "{C42B9A30-6474-495D-8BB5-39A25D4F0026}"
EndProject
Project("{FAE04EC0-301F-11D3-BF4B-00C04F79EFBC}") = "CopilotScope.Seeder", "tools\CopilotScope.Seeder\CopilotScope.Seeder.csproj", "{81DFC379-05E5-4C56-B87E-37EDF7CBA75A}"
EndProject
Project("{FAE04EC0-301F-11D3-BF4B-00C04F79EFBC}") = "CopilotScope.Dashboard", "src\CopilotScope.Dashboard\CopilotScope.Dashboard.csproj", "{8C02D30B-F634-4445-BA48-4F0CCF682977}"
EndProject
Project("{FAE04EC0-301F-11D3-BF4B-00C04F79EFBC}") = "CopilotScope.AppHost", "src\CopilotScope.AppHost\CopilotScope.AppHost.csproj", "{D3A1F0B2-7C4E-4E8B-9A5D-1E2F3A4B5C6D}"
EndProject
Project("{2150E333-8FDC-42A3-9474-1A3956D46DE8}") = "tests", "tests", "{8B74E435-F59D-4570-A385-3B4D33B1215E}"
EndProject
Project("{FAE04EC0-301F-11D3-BF4B-00C04F79EFBC}") = "CopilotScope.Tests", "tests\CopilotScope.Tests\CopilotScope.Tests.csproj", "{38156975-6B07-4A8A-9B4B-B9C78177CACF}"
EndProject
Project("{FAE04EC0-301F-11D3-BF4B-00C04F79EFBC}") = "CopilotScope.ServiceDefaults", "src\CopilotScope.ServiceDefaults\CopilotScope.ServiceDefaults.csproj", "{08C9C3A4-0A77-48EB-89E0-8519B64645DA}"
EndProject
Global
	GlobalSection(SolutionConfigurationPlatforms) = preSolution
		Debug|Any CPU = Debug|Any CPU
		Debug|x64 = Debug|x64
		Debug|x86 = Debug|x86
		Release|Any CPU = Release|Any CPU
		Release|x64 = Release|x64
		Release|x86 = Release|x86
	EndGlobalSection
	GlobalSection(ProjectConfigurationPlatforms) = postSolution
		{A04A8B3E-4310-44C0-A459-2B50B95E90BE}.Debug|Any CPU.ActiveCfg = Debug|Any CPU
		{A04A8B3E-4310-44C0-A459-2B50B95E90BE}.Debug|Any CPU.Build.0 = Debug|Any CPU
		{A04A8B3E-4310-44C0-A459-2B50B95E90BE}.Debug|x64.ActiveCfg = Debug|Any CPU
		{A04A8B3E-4310-44C0-A459-2B50B95E90BE}.Debug|x64.Build.0 = Debug|Any CPU
		{A04A8B3E-4310-44C0-A459-2B50B95E90BE}.Debug|x86.ActiveCfg = Debug|Any CPU
		{A04A8B3E-4310-44C0-A459-2B50B95E90BE}.Debug|x86.Build.0 = Debug|Any CPU
		{A04A8B3E-4310-44C0-A459-2B50B95E90BE}.Release|Any CPU.ActiveCfg = Release|Any CPU
		{A04A8B3E-4310-44C0-A459-2B50B95E90BE}.Release|Any CPU.Build.0 = Release|Any CPU
		{A04A8B3E-4310-44C0-A459-2B50B95E90BE}.Release|x64.ActiveCfg = Release|Any CPU
		{A04A8B3E-4310-44C0-A459-2B50B95E90BE}.Release|x64.Build.0 = Release|Any CPU
		{A04A8B3E-4310-44C0-A459-2B50B95E90BE}.Release|x86.ActiveCfg = Release|Any CPU
		{A04A8B3E-4310-44C0-A459-2B50B95E90BE}.Release|x86.Build.0 = Release|Any CPU
		{70253526-B47B-4E9E-BFC0-0A673AD22C9F}.Debug|Any CPU.ActiveCfg = Debug|Any CPU
		{70253526-B47B-4E9E-BFC0-0A673AD22C9F}.Debug|Any CPU.Build.0 = Debug|Any CPU
		{70253526-B47B-4E9E-BFC0-0A673AD22C9F}.Debug|x64.ActiveCfg = Debug|Any CPU
		{70253526-B47B-4E9E-BFC0-0A673AD22C9F}.Debug|x64.Build.0 = Debug|Any CPU
		{70253526-B47B-4E9E-BFC0-0A673AD22C9F}.Debug|x86.ActiveCfg = Debug|Any CPU
		{70253526-B47B-4E9E-BFC0-0A673AD22C9F}.Debug|x86.Build.0 = Debug|Any CPU
		{70253526-B47B-4E9E-BFC0-0A673AD22C9F}.Release|Any CPU.ActiveCfg = Release|Any CPU
		{70253526-B47B-4E9E-BFC0-0A673AD22C9F}.Release|Any CPU.Build.0 = Release|Any CPU
		{70253526-B47B-4E9E-BFC0-0A673AD22C9F}.Release|x64.ActiveCfg = Release|Any CPU
		{70253526-B47B-4E9E-BFC0-0A673AD22C9F}.Release|x64.Build.0 = Release|Any CPU
		{70253526-B47B-4E9E-BFC0-0A673AD22C9F}.Release|x86.ActiveCfg = Release|Any CPU
		{70253526-B47B-4E9E-BFC0-0A673AD22C9F}.Release|x86.Build.0 = Release|Any CPU
		{E4BE06B6-D7D2-43A9-AD0F-E8E0F8D662BE}.Debug|Any CPU.ActiveCfg = Debug|Any CPU
		{E4BE06B6-D7D2-43A9-AD0F-E8E0F8D662BE}.Debug|Any CPU.Build.0 = Debug|Any CPU
		{E4BE06B6-D7D2-43A9-AD0F-E8E0F8D662BE}.Debug|x64.ActiveCfg = Debug|Any CPU
		{E4BE06B6-D7D2-43A9-AD0F-E8E0F8D662BE}.Debug|x64.Build.0 = Debug|Any CPU
		{E4BE06B6-D7D2-43A9-AD0F-E8E0F8D662BE}.Debug|x86.ActiveCfg = Debug|Any CPU
		{E4BE06B6-D7D2-43A9-AD0F-E8E0F8D662BE}.Debug|x86.Build.0 = Debug|Any CPU
		{E4BE06B6-D7D2-43A9-AD0F-E8E0F8D662BE}.Release|Any CPU.ActiveCfg = Release|Any CPU
		{E4BE06B6-D7D2-43A9-AD0F-E8E0F8D662BE}.Release|Any CPU.Build.0 = Release|Any CPU
		{E4BE06B6-D7D2-43A9-AD0F-E8E0F8D662BE}.Release|x64.ActiveCfg = Release|Any CPU
		{E4BE06B6-D7D2-43A9-AD0F-E8E0F8D662BE}.Release|x64.Build.0 = Release|Any CPU
		{E4BE06B6-D7D2-43A9-AD0F-E8E0F8D662BE}.Release|x86.ActiveCfg = Release|Any CPU
		{E4BE06B6-D7D2-43A9-AD0F-E8E0F8D662BE}.Release|x86.Build.0 = Release|Any CPU
		{C42B9A30-6474-495D-8BB5-39A25D4F0026}.Debug|Any CPU.ActiveCfg = Debug|Any CPU
		{C42B9A30-6474-495D-8BB5-39A25D4F0026}.Debug|Any CPU.Build.0 = Debug|Any CPU
		{C42B9A30-6474-495D-8BB5-39A25D4F0026}.Debug|x64.ActiveCfg = Debug|Any CPU
		{C42B9A30-6474-495D-8BB5-39A25D4F0026}.Debug|x64.Build.0 = Debug|Any CPU
		{C42B9A30-6474-495D-8BB5-39A25D4F0026}.Debug|x86.ActiveCfg = Debug|Any CPU
		{C42B9A30-6474-495D-8BB5-39A25D4F0026}.Debug|x86.Build.0 = Debug|Any CPU
		{C42B9A30-6474-495D-8BB5-39A25D4F0026}.Release|Any CPU.ActiveCfg = Release|Any CPU
		{C42B9A30-6474-495D-8BB5-39A25D4F0026}.Release|Any CPU.Build.0 = Release|Any CPU
		{C42B9A30-6474-495D-8BB5-39A25D4F0026}.Release|x64.ActiveCfg = Release|Any CPU
		{C42B9A30-6474-495D-8BB5-39A25D4F0026}.Release|x64.Build.0 = Release|Any CPU
		{C42B9A30-6474-495D-8BB5-39A25D4F0026}.Release|x86.ActiveCfg = Release|Any CPU
		{C42B9A30-6474-495D-8BB5-39A25D4F0026}.Release|x86.Build.0 = Release|Any CPU
		{81DFC379-05E5-4C56-B87E-37EDF7CBA75A}.Debug|Any CPU.ActiveCfg = Debug|Any CPU
		{81DFC379-05E5-4C56-B87E-37EDF7CBA75A}.Debug|Any CPU.Build.0 = Debug|Any CPU
		{81DFC379-05E5-4C56-B87E-37EDF7CBA75A}.Debug|x64.ActiveCfg = Debug|Any CPU
		{81DFC379-05E5-4C56-B87E-37EDF7CBA75A}.Debug|x64.Build.0 = Debug|Any CPU
		{81DFC379-05E5-4C56-B87E-37EDF7CBA75A}.Debug|x86.ActiveCfg = Debug|Any CPU
		{81DFC379-05E5-4C56-B87E-37EDF7CBA75A}.Debug|x86.Build.0 = Debug|Any CPU
		{81DFC379-05E5-4C56-B87E-37EDF7CBA75A}.Release|Any CPU.ActiveCfg = Release|Any CPU
		{81DFC379-05E5-4C56-B87E-37EDF7CBA75A}.Release|Any CPU.Build.0 = Release|Any CPU
		{81DFC379-05E5-4C56-B87E-37EDF7CBA75A}.Release|x64.ActiveCfg = Release|Any CPU
		{81DFC379-05E5-4C56-B87E-37EDF7CBA75A}.Release|x64.Build.0 = Release|Any CPU
		{81DFC379-05E5-4C56-B87E-37EDF7CBA75A}.Release|x86.ActiveCfg = Release|Any CPU
		{81DFC379-05E5-4C56-B87E-37EDF7CBA75A}.Release|x86.Build.0 = Release|Any CPU
		{8C02D30B-F634-4445-BA48-4F0CCF682977}.Debug|Any CPU.ActiveCfg = Debug|Any CPU
		{8C02D30B-F634-4445-BA48-4F0CCF682977}.Debug|Any CPU.Build.0 = Debug|Any CPU
		{8C02D30B-F634-4445-BA48-4F0CCF682977}.Debug|x64.ActiveCfg = Debug|Any CPU
		{8C02D30B-F634-4445-BA48-4F0CCF682977}.Debug|x64.Build.0 = Debug|Any CPU
		{8C02D30B-F634-4445-BA48-4F0CCF682977}.Debug|x86.ActiveCfg = Debug|Any CPU
		{8C02D30B-F634-4445-BA48-4F0CCF682977}.Debug|x86.Build.0 = Debug|Any CPU
		{8C02D30B-F634-4445-BA48-4F0CCF682977}.Release|Any CPU.ActiveCfg = Release|Any CPU
		{8C02D30B-F634-4445-BA48-4F0CCF682977}.Release|Any CPU.Build.0 = Release|Any CPU
		{8C02D30B-F634-4445-BA48-4F0CCF682977}.Release|x64.ActiveCfg = Release|Any CPU
		{8C02D30B-F634-4445-BA48-4F0CCF682977}.Release|x64.Build.0 = Release|Any CPU
		{8C02D30B-F634-4445-BA48-4F0CCF682977}.Release|x86.ActiveCfg = Release|Any CPU
		{8C02D30B-F634-4445-BA48-4F0CCF682977}.Release|x86.Build.0 = Release|Any CPU
		{D3A1F0B2-7C4E-4E8B-9A5D-1E2F3A4B5C6D}.Debug|Any CPU.ActiveCfg = Debug|Any CPU
		{D3A1F0B2-7C4E-4E8B-9A5D-1E2F3A4B5C6D}.Debug|Any CPU.Build.0 = Debug|Any CPU
		{D3A1F0B2-7C4E-4E8B-9A5D-1E2F3A4B5C6D}.Debug|x64.ActiveCfg = Debug|Any CPU
		{D3A1F0B2-7C4E-4E8B-9A5D-1E2F3A4B5C6D}.Debug|x64.Build.0 = Debug|Any CPU
		{D3A1F0B2-7C4E-4E8B-9A5D-1E2F3A4B5C6D}.Debug|x86.ActiveCfg = Debug|Any CPU
		{D3A1F0B2-7C4E-4E8B-9A5D-1E2F3A4B5C6D}.Debug|x86.Build.0 = Debug|Any CPU
		{D3A1F0B2-7C4E-4E8B-9A5D-1E2F3A4B5C6D}.Release|Any CPU.ActiveCfg = Release|Any CPU
		{D3A1F0B2-7C4E-4E8B-9A5D-1E2F3A4B5C6D}.Release|Any CPU.Build.0 = Release|Any CPU
		{D3A1F0B2-7C4E-4E8B-9A5D-1E2F3A4B5C6D}.Release|x64.ActiveCfg = Release|Any CPU
		{D3A1F0B2-7C4E-4E8B-9A5D-1E2F3A4B5C6D}.Release|x64.Build.0 = Release|Any CPU
		{D3A1F0B2-7C4E-4E8B-9A5D-1E2F3A4B5C6D}.Release|x86.ActiveCfg = Release|Any CPU
		{D3A1F0B2-7C4E-4E8B-9A5D-1E2F3A4B5C6D}.Release|x86.Build.0 = Release|Any CPU
		{38156975-6B07-4A8A-9B4B-B9C78177CACF}.Debug|Any CPU.ActiveCfg = Debug|Any CPU
		{38156975-6B07-4A8A-9B4B-B9C78177CACF}.Debug|Any CPU.Build.0 = Debug|Any CPU
		{38156975-6B07-4A8A-9B4B-B9C78177CACF}.Debug|x64.ActiveCfg = Debug|Any CPU
		{38156975-6B07-4A8A-9B4B-B9C78177CACF}.Debug|x64.Build.0 = Debug|Any CPU
		{38156975-6B07-4A8A-9B4B-B9C78177CACF}.Debug|x86.ActiveCfg = Debug|Any CPU
		{38156975-6B07-4A8A-9B4B-B9C78177CACF}.Debug|x86.Build.0 = Debug|Any CPU
		{38156975-6B07-4A8A-9B4B-B9C78177CACF}.Release|Any CPU.ActiveCfg = Release|Any CPU
		{38156975-6B07-4A8A-9B4B-B9C78177CACF}.Release|Any CPU.Build.0 = Release|Any CPU
		{38156975-6B07-4A8A-9B4B-B9C78177CACF}.Release|x64.ActiveCfg = Release|Any CPU
		{38156975-6B07-4A8A-9B4B-B9C78177CACF}.Release|x64.Build.0 = Release|Any CPU
		{38156975-6B07-4A8A-9B4B-B9C78177CACF}.Release|x86.ActiveCfg = Release|Any CPU
		{38156975-6B07-4A8A-9B4B-B9C78177CACF}.Release|x86.Build.0 = Release|Any CPU
		{08C9C3A4-0A77-48EB-89E0-8519B64645DA}.Debug|Any CPU.ActiveCfg = Debug|Any CPU
		{08C9C3A4-0A77-48EB-89E0-8519B64645DA}.Debug|Any CPU.Build.0 = Debug|Any CPU
		{08C9C3A4-0A77-48EB-89E0-8519B64645DA}.Debug|x64.ActiveCfg = Debug|Any CPU
		{08C9C3A4-0A77-48EB-89E0-8519B64645DA}.Debug|x64.Build.0 = Debug|Any CPU
		{08C9C3A4-0A77-48EB-89E0-8519B64645DA}.Debug|x86.ActiveCfg = Debug|Any CPU
		{08C9C3A4-0A77-48EB-89E0-8519B64645DA}.Debug|x86.Build.0 = Debug|Any CPU
		{08C9C3A4-0A77-48EB-89E0-8519B64645DA}.Release|Any CPU.ActiveCfg = Release|Any CPU
		{08C9C3A4-0A77-48EB-89E0-8519B64645DA}.Release|Any CPU.Build.0 = Release|Any CPU
		{08C9C3A4-0A77-48EB-89E0-8519B64645DA}.Release|x64.ActiveCfg = Release|Any CPU
		{08C9C3A4-0A77-48EB-89E0-8519B64645DA}.Release|x64.Build.0 = Release|Any CPU
		{08C9C3A4-0A77-48EB-89E0-8519B64645DA}.Release|x86.ActiveCfg = Release|Any CPU
		{08C9C3A4-0A77-48EB-89E0-8519B64645DA}.Release|x86.Build.0 = Release|Any CPU
	EndGlobalSection
	GlobalSection(SolutionProperties) = preSolution
		HideSolutionNode = FALSE
	EndGlobalSection
	GlobalSection(NestedProjects) = preSolution
		{A04A8B3E-4310-44C0-A459-2B50B95E90BE} = {AA8F32EA-A399-4D87-A2FB-C41A43199F27}
		{70253526-B47B-4E9E-BFC0-0A673AD22C9F} = {AA8F32EA-A399-4D87-A2FB-C41A43199F27}
		{E4BE06B6-D7D2-43A9-AD0F-E8E0F8D662BE} = {AA8F32EA-A399-4D87-A2FB-C41A43199F27}
		{C42B9A30-6474-495D-8BB5-39A25D4F0026} = {891CA426-11F7-4B59-BECF-4383907BEADA}
		{81DFC379-05E5-4C56-B87E-37EDF7CBA75A} = {891CA426-11F7-4B59-BECF-4383907BEADA}
		{8C02D30B-F634-4445-BA48-4F0CCF682977} = {AA8F32EA-A399-4D87-A2FB-C41A43199F27}
		{D3A1F0B2-7C4E-4E8B-9A5D-1E2F3A4B5C6D} = {AA8F32EA-A399-4D87-A2FB-C41A43199F27}
		{38156975-6B07-4A8A-9B4B-B9C78177CACF} = {8B74E435-F59D-4570-A385-3B4D33B1215E}
		{08C9C3A4-0A77-48EB-89E0-8519B64645DA} = {AA8F32EA-A399-4D87-A2FB-C41A43199F27}
	EndGlobalSection
	GlobalSection(ExtensibilityGlobals) = postSolution
		SolutionGuid = {FFF33FF4-6791-45D2-B875-A28749B62763}
	EndGlobalSection
EndGlobal
